{
  "name": "calculator",
  "version": "0.1.0",
  "lockfileVersion": 1,
  "requires": true,
  "dependencies": {
    "axios": {
      "version": "0.21.1",
      "resolved": "https://registry.npmjs.org/axios/-/axios-0.21.1.tgz",
      "integrity": "sha512-dKQiRHxGD9PPRIUNIWvZhPTPpl1rf/OxTYKsqKUDjBwYylTvV7SjSHJb9ratfyzM6wCdLCOYLzs73qpg5c4iGA==",
      "requires": {
        "follow-redirects": "^1.10.0"
      },
      "dependencies": {
        "follow-redirects": {
          "version": "1.13.1",
          "resolved": "https://registry.npmjs.org/follow-redirects/-/follow-redirects-1.13.1.tgz",
          "integrity": "sha512-SSG5xmZh1mkPGyKzjZP8zLjltIfpW32Y5QpdNJyjcfGxK3qo3NDDkZOZSFiGn1A6SclQxY9GzEwAHQ3dmYRWpg=="
        }
      }
    },
    "bootstrap": {
      "version": "4.1.1",
      "resolved": "https://registry.npmjs.org/bootstrap/-/bootstrap-4.1.1.tgz",
      "integrity": "sha512-SpiDSOcbg4J/PjVSt4ny5eY6j74VbVSjROY4Fb/WIUXBV9cnb5luyR4KnPvNoXuGnBK1T+nJIWqRsvU3yP8Mcg=="
    },
    "chart.js": {
      "version": "2.8.0",
      "resolved": "https://registry.npmjs.org/chart.js/-/chart.js-2.8.0.tgz",
      "integrity": "sha512-Di3wUL4BFvqI5FB5K26aQ+hvWh8wnP9A3DWGvXHVkO13D3DSnaSsdZx29cXlEsYKVkn1E2az+ZYFS4t0zi8x0w=="
    },
    "jest": {
      "version": "24.8.0",
      "resolved": "https://registry.npmjs.org/jest/-/jest-24.8.0.tgz",
      "integrity": "sha512-o0HM90RKFRNWmAWvlyV8i5jGZ97pFwkeVoGvPW1EtLTgJc2+jcuqcbbqcSZLE/3f2S5pt0y2ZBETuhpWNl1Reg==",
      "dependencies": {
        "@babel/generator": {
          "version": "7.4.4",
          "resolved": "https://registry.npmjs.org/@babel/generator/-/generator-7.4.4.tgz",
          "integrity": "sha512-53UOLK6TVNqKxf7RUh8NE851EHRxOOeVXKbK2bivdb+iziMyk03Sr4eaE9OELCbyZAAafAKPDwF2TPUES5QbxQ=="
        },
        "@babel/helper-split-export-declaration": {
          "version": "7.4.4",
          "resolved": "https://registry.npmjs.org/@babel/helper-split-export-declaration/-/helper-split-export-declaration-7.4.4.tgz",
          "integrity": "sha512-Ro/XkzLf3JFITkW6b+hNxzZ1n5OQ80NvIUdmHspih1XAhtN3vPTuUFT4eQnela+2MaZ5ulH+iyP513KJrxbN7Q=="
        },
        "@babel/parser": {
          "version": "7.4.5",
          "resolved": "https://registry.npmjs.org/@babel/parser/-/parser-7.4.5.tgz",
          "integrity": "sha512-9mUqkL1FF5T7f0WDFfAoDdiMVPWsdD1gZYzSnaXsxUCUqzuch/8of9G3VUSNiZmMBoRxT3neyVsqeiL/ZPcjew=="
        },
        "@babel/template": {
          "version": "7.4.4",
          "resolved": "https://registry.npmjs.org/@babel/template/-/template-7.4.4.tgz",
          "integrity": "sha512-CiGzLN9KgAvgZsnivND7rkA+AeJ9JB0ciPOD4U59GKbQP2iQl+olF1l76kJOupqidozfZ32ghwBEJDhnk9MEcw=="
        },
        "@babel/traverse": {
          "version": "7.4.5",
          "resolved": "https://registry.npmjs.org/@babel/traverse/-/traverse-7.4.5.tgz",
          "integrity": "sha512-Vc+qjynwkjRmIFGxy0KYoPj4FdVDxLej89kMHFsWScq999uX+pwcX4v9mWRjW0KcAYTPAuVQl2LKP1wEVLsp+A=="
        },
        "@babel/types": {
          "version": "7.4.4",
          "resolved": "https://registry.npmjs.org/@babel/types/-/types-7.4.4.tgz",
          "integrity": "sha512-dOllgYdnEFOebhkKCjzSVFqw/PmmB8pH6RGOWkY4GsboQNd47b1fBThBSwlHAq9alF9vc1M3+6oqR47R50L0tQ=="
        },
        "@cnakazawa/watch": {
          "version": "1.0.3",
          "resolved": "https://registry.npmjs.org/@cnakazawa/watch/-/watch-1.0.3.tgz",
          "integrity": "sha512-r5160ogAvGyHsal38Kux7YYtodEKOj89RGb28ht1jh3SJb08VwRwAKKJL0bGb04Zd/3r9FL3BFIc3bBidYffCA=="
        },
        "acorn": {
          "version": "5.7.3",
          "resolved": "https://registry.npmjs.org/acorn/-/acorn-5.7.3.tgz",
          "integrity": "sha512-T/zvzYRfbVojPWahDsE5evJdHb3oJoQfFbsrKM7w5Zcs++Tr257tia3BmMP8XYVjp1S9RZXQMh7gao96BlqZOw=="
        },
        "ansi-regex": {
          "version": "4.1.0",
          "resolved": "https://registry.npmjs.org/ansi-regex/-/ansi-regex-4.1.0.tgz",
          "integrity": "sha512-1apePfXM1UOSqw0o9IiFAovVz9M5S1Dg+4TrDwfMewQ6p/rmMueb7tWZjQ1rx4Loy1ArBggoqGpfqqdI4rondg=="
        },
        "arr-diff": {
          "version": "4.0.0",
          "resolved": "https://registry.npmjs.org/arr-diff/-/arr-diff-4.0.0.tgz",
          "integrity": "sha1-1kYQdP6/7HHn4VI1dhoyml3HxSA="
        },
        "array-unique": {
          "version": "0.3.2",
          "resolved": "https://registry.npmjs.org/array-unique/-/array-unique-0.3.2.tgz",
          "integrity": "sha1-qJS3XUvE9s1nnvMkSp/Y9Gri1Cg="
        },
        "babel-jest": {
          "version": "24.8.0",
          "resolved": "https://registry.npmjs.org/babel-jest/-/babel-jest-24.8.0.tgz",
          "integrity": "sha512-+5/kaZt4I9efoXzPlZASyK/lN9qdRKmmUav9smVc0ruPQD7IsfucQ87gpOE8mn2jbDuS6M/YOW6n3v9ZoIfgnw==",
          "dependencies": {
            "chalk": {
              "version": "2.4.2",
              "resolved": "https://registry.npmjs.org/chalk/-/chalk-2.4.2.tgz",
              "integrity": "sha512-Mti+f9lpJNcwF4tWV8/OrTTtF1gZi+f8FqlyAdouralcFWFQWF2+NgCHShjkCb+IFBLq9buZwE1xckQU4peSuQ=="
            }
          }
        },
        "babel-plugin-istanbul": {
          "version": "5.1.4",
          "resolved": "https://registry.npmjs.org/babel-plugin-istanbul/-/babel-plugin-istanbul-5.1.4.tgz",
          "integrity": "sha512-dySz4VJMH+dpndj0wjJ8JPs/7i1TdSPb1nRrn56/92pKOF9VKC1FMFJmMXjzlGGusnCAqujP6PBCiKq0sVA+YQ=="
        },
        "babel-plugin-jest-hoist": {
          "version": "24.6.0",
          "resolved": "https://registry.npmjs.org/babel-plugin-jest-hoist/-/babel-plugin-jest-hoist-24.6.0.tgz",
          "integrity": "sha512-3pKNH6hMt9SbOv0F3WVmy5CWQ4uogS3k0GY5XLyQHJ9EGpAT9XWkFd2ZiXXtkwFHdAHa5j7w7kfxSP5lAIwu7w=="
        },
        "babel-preset-jest": {
          "version": "24.6.0",
          "resolved": "https://registry.npmjs.org/babel-preset-jest/-/babel-preset-jest-24.6.0.tgz",
          "integrity": "sha512-pdZqLEdmy1ZK5kyRUfvBb2IfTPb2BUvIJczlPspS8fWmBQslNNDBqVfh7BW5leOVJMDZKzjD8XEyABTk6gQ5yw=="
        },
        "braces": {
          "version": "2.3.2",
          "resolved": "https://registry.npmjs.org/braces/-/braces-2.3.2.tgz",
          "integrity": "sha512-aNdbnj9P8PjdXU4ybaWLK2IF3jc/EoDYbC7AazW6to3TRsfXxscC9UXOB5iDiEQrkyIbWp2SLQda4+QAa7nc3w==",
          "dependencies": {
            "extend-shallow": {
              "version": "2.0.1",
              "resolved": "https://registry.npmjs.org/extend-shallow/-/extend-shallow-2.0.1.tgz",
              "integrity": "sha1-Ua99YUrZqfYQ6huvu5idaxxWiQ8="
            }
          }
        },
        "callsites": {
          "version": "3.1.0",
          "resolved": "https://registry.npmjs.org/callsites/-/callsites-3.1.0.tgz",
          "integrity": "sha512-P8BjAsXvZS+VIDUI11hHCQEv74YT67YUi5JJFNWIqL235sBmjX4+qx9Muvls5ivyNENctx46xQLQ3aTuE7ssaQ=="
        },
        "capture-exit": {
          "version": "2.0.0",
          "resolved": "https://registry.npmjs.org/capture-exit/-/capture-exit-2.0.0.tgz",
          "integrity": "sha512-PiT/hQmTonHhl/HFGN+Lx3JJUznrVYJ3+AQsnthneZbvW7x+f08Tk7yLJTLEOUvBTbduLeeBkxEaYXUOUrRq6g=="
        },
        "ci-info": {
          "version": "2.0.0",
          "resolved": "https://registry.npmjs.org/ci-info/-/ci-info-2.0.0.tgz",
          "integrity": "sha512-5tK7EtrZ0N+OLFMthtqOj4fI2Jeb88C4CAZPu25LDVUgXJ0A3Js4PMGqrn0JU1W0Mh1/Z8wZzYPxqUrXeBboCQ=="
        },
        "debug": {
          "version": "4.1.1",
          "resolved": "https://registry.npmjs.org/debug/-/debug-4.1.1.tgz",
          "integrity": "sha512-pYAIzeRo8J6KPEaJ0VWOh5Pzkbw/RetuzehGM7QRRX5he4fPHx2rdKMB256ehJCkX+XRQm16eZLqLNS8RSZXZw=="
        },
        "exec-sh": {
          "version": "0.3.2",
          "resolved": "https://registry.npmjs.org/exec-sh/-/exec-sh-0.3.2.tgz",
          "integrity": "sha512-9sLAvzhI5nc8TpuQUh4ahMdCrWT00wPWz7j47/emR5+2qEfoZP5zzUXvx+vdx+H6ohhnsYC31iX04QLYJK8zTg=="
        },
        "execa": {
          "version": "1.0.0",
          "resolved": "https://registry.npmjs.org/execa/-/execa-1.0.0.tgz",
          "integrity": "sha512-adbxcyWV46qiHyvSp50TKt05tB4tK3HcmF7/nxfAdhnox83seTDbwnaqKO4sXRy7roHAIFqJP/Rw/AuEbX61LA=="
        },
        "expand-brackets": {
          "version": "2.1.4",
          "resolved": "https://registry.npmjs.org/expand-brackets/-/expand-brackets-2.1.4.tgz",
          "integrity": "sha1-t3c14xXOMPa27/D4OwQVGiJEliI=",
          "dependencies": {
            "debug": {
              "version": "2.6.9",
              "resolved": "https://registry.npmjs.org/debug/-/debug-2.6.9.tgz",
              "integrity": "sha512-bC7ElrdJaJnPbAP+1EotYvqZsb3ecl5wi6Bfi6BJTUcNowp6cvspg0jXznRTKDjm/E7AdgFBVeAPVMNcKGsHMA=="
            },
            "define-property": {
              "version": "0.2.5",
              "resolved": "https://registry.npmjs.org/define-property/-/define-property-0.2.5.tgz",
              "integrity": "sha1-w1se+RjsPJkPmlvFe+BKrOxcgRY="
            },
            "extend-shallow": {
              "version": "2.0.1",
              "resolved": "https://registry.npmjs.org/extend-shallow/-/extend-shallow-2.0.1.tgz",
              "integrity": "sha1-Ua99YUrZqfYQ6huvu5idaxxWiQ8="
            },
            "is-accessor-descriptor": {
              "version": "0.1.6",
              "resolved": "https://registry.npmjs.org/is-accessor-descriptor/-/is-accessor-descriptor-0.1.6.tgz",
              "integrity": "sha1-qeEss66Nh2cn7u84Q/igiXtcmNY=",
              "dependencies": {
                "kind-of": {
                  "version": "3.2.2",
                  "resolved": "https://registry.npmjs.org/kind-of/-/kind-of-3.2.2.tgz",
                  "integrity": "sha1-MeohpzS6ubuw8yRm2JOupR5KPGQ="
                }
              }
            },
            "is-data-descriptor": {
              "version": "0.1.4",
              "resolved": "https://registry.npmjs.org/is-data-descriptor/-/is-data-descriptor-0.1.4.tgz",
              "integrity": "sha1-C17mSDiOLIYCgueT8YVv7D8wG1Y=",
              "dependencies": {
                "kind-of": {
                  "version": "3.2.2",
                  "resolved": "https://registry.npmjs.org/kind-of/-/kind-of-3.2.2.tgz",
                  "integrity": "sha1-MeohpzS6ubuw8yRm2JOupR5KPGQ="
                }
              }
            },
            "is-descriptor": {
              "version": "0.1.6",
              "resolved": "https://registry.npmjs.org/is-descriptor/-/is-descriptor-0.1.6.tgz",
              "integrity": "sha512-avDYr0SB3DwO9zsMov0gKCESFYqCnE4hq/4z3TdUlukEy5t9C0YRq7HLrsN52NAcqXKaepeCD0n+B0arnVG3Hg=="
            },
            "kind-of": {
              "version": "5.1.0",
              "resolved": "https://registry.npmjs.org/kind-of/-/kind-of-5.1.0.tgz",
              "integrity": "sha512-NGEErnH6F2vUuXDh+OlbcKW7/wOcfdRHaZ7VWtqCztfHri/++YKmP51OdWeGPuqCOba6kk2OTe5d02VmTB80Pw=="
            },
            "ms": {
              "version": "2.0.0",
              "resolved": "https://registry.npmjs.org/ms/-/ms-2.0.0.tgz",
              "integrity": "sha1-VgiurfwAvmwpAd9fmGF4jeDVl8g="
            }
          }
        },
        "expect": {
          "version": "24.8.0",
          "resolved": "https://registry.npmjs.org/expect/-/expect-24.8.0.tgz",
          "integrity": "sha512-/zYvP8iMDrzaaxHVa724eJBCKqSHmO0FA7EDkBiRHxg6OipmMn1fN+C8T9L9K8yr7UONkOifu6+LLH+z76CnaA=="
        },
        "extglob": {
          "version": "2.0.4",
          "resolved": "https://registry.npmjs.org/extglob/-/extglob-2.0.4.tgz",
          "integrity": "sha512-Nmb6QXkELsuBr24CJSkilo6UHHgbekK5UiZgfE6UHD3Eb27YC6oD+bhcT+tJ6cl8dmsgdQxnWlcry8ksBIBLpw==",
          "dependencies": {
            "define-property": {
              "version": "1.0.0",
              "resolved": "https://registry.npmjs.org/define-property/-/define-property-1.0.0.tgz",
              "integrity": "sha1-dp66rz9KY6rTr56NMEybvnm/sOY="
            },
            "extend-shallow": {
              "version": "2.0.1",
              "resolved": "https://registry.npmjs.org/extend-shallow/-/extend-shallow-2.0.1.tgz",
              "integrity": "sha1-Ua99YUrZqfYQ6huvu5idaxxWiQ8="
            }
          }
        },
        "fill-range": {
          "version": "4.0.0",
          "resolved": "https://registry.npmjs.org/fill-range/-/fill-range-4.0.0.tgz",
          "integrity": "sha1-1USBHUKPmOsGpj3EAtJAPDKMOPc=",
          "dependencies": {
            "extend-shallow": {
              "version": "2.0.1",
              "resolved": "https://registry.npmjs.org/extend-shallow/-/extend-shallow-2.0.1.tgz",
              "integrity": "sha1-Ua99YUrZqfYQ6huvu5idaxxWiQ8="
            }
          }
        },
        "find-up": {
          "version": "3.0.0",
          "resolved": "https://registry.npmjs.org/find-up/-/find-up-3.0.0.tgz",
          "integrity": "sha512-1yD6RmLI1XBfxugvORwlck6f75tYL+iR0jqwsOrOxMZyGYqUuDhJ0l4AXdO1iX/FTs9cBAMEk1gWSEx1kSbylg=="
        },
        "fsevents": {
          "version": "1.2.9",
          "resolved": "https://registry.npmjs.org/fsevents/-/fsevents-1.2.9.tgz",
          "integrity": "sha512-oeyj2H3EjjonWcFjD5NvZNE9Rqe4UW+nQBU2HNeKw0koVLEFIhtyETyAakeAM3de7Z/SW5kcA+fZUait9EApnw==",
          "dependencies": {
            "abbrev": {
              "version": "1.1.1",
              "bundled": true
            },
            "ansi-regex": {
              "version": "2.1.1",
              "bundled": true
            },
            "aproba": {
              "version": "1.2.0",
              "bundled": true
            },
            "are-we-there-yet": {
              "version": "1.1.5",
              "bundled": true
            },
            "balanced-match": {
              "version": "1.0.0",
              "bundled": true
            },
            "brace-expansion": {
              "version": "1.1.11",
              "bundled": true
            },
            "chownr": {
              "version": "1.1.1",
              "bundled": true
            },
            "code-point-at": {
              "version": "1.1.0",
              "bundled": true
            },
            "concat-map": {
              "version": "0.0.1",
              "bundled": true
            },
            "console-control-strings": {
              "version": "1.1.0",
              "bundled": true
            },
            "core-util-is": {
              "version": "1.0.2",
              "bundled": true
            },
            "debug": {
              "version": "4.1.1",
              "bundled": true
            },
            "deep-extend": {
              "version": "0.6.0",
              "bundled": true
            },
            "delegates": {
              "version": "1.0.0",
              "bundled": true
            },
            "detect-libc": {
              "version": "1.0.3",
              "bundled": true
            },
            "fs-minipass": {
              "version": "1.2.5",
              "bundled": true
            },
            "fs.realpath": {
              "version": "1.0.0",
              "bundled": true
            },
            "gauge": {
              "version": "2.7.4",
              "bundled": true
            },
            "glob": {
              "version": "7.1.3",
              "bundled": true
            },
            "has-unicode": {
              "version": "2.0.1",
              "bundled": true
            },
            "iconv-lite": {
              "version": "0.4.24",
              "bundled": true
            },
            "ignore-walk": {
              "version": "3.0.1",
              "bundled": true
            },
            "inflight": {
              "version": "1.0.6",
              "bundled": true
            },
            "inherits": {
              "version": "2.0.3",
              "bundled": true
            },
            "ini": {
              "version": "1.3.5",
              "bundled": true
            },
            "is-fullwidth-code-point": {
              "version": "1.0.0",
              "bundled": true
            },
            "isarray": {
              "version": "1.0.0",
              "bundled": true
            },
            "minimatch": {
              "version": "3.0.4",
              "bundled": true
            },
            "minimist": {
              "version": "0.0.8",
              "bundled": true
            },
            "minipass": {
              "version": "2.3.5",
              "bundled": true
            },
            "minizlib": {
              "version": "1.2.1",
              "bundled": true
            },
            "mkdirp": {
              "version": "0.5.1",
              "bundled": true
            },
            "ms": {
              "version": "2.1.1",
              "bundled": true
            },
            "needle": {
              "version": "2.3.0",
              "bundled": true
            },
            "node-pre-gyp": {
              "version": "0.12.0",
              "bundled": true
            },
            "nopt": {
              "version": "4.0.1",
              "bundled": true
            },
            "npm-bundled": {
              "version": "1.0.6",
              "bundled": true
            },
            "npm-packlist": {
              "version": "1.4.1",
              "bundled": true
            },
            "npmlog": {
              "version": "4.1.2",
              "bundled": true
            },
            "number-is-nan": {
              "version": "1.0.1",
              "bundled": true
            },
            "object-assign": {
              "version": "4.1.1",
              "bundled": true
            },
            "once": {
              "version": "1.4.0",
              "bundled": true
            },
            "os-homedir": {
              "version": "1.0.2",
              "bundled": true
            },
            "os-tmpdir": {
              "version": "1.0.2",
              "bundled": true
            },
            "osenv": {
              "version": "0.1.5",
              "bundled": true
            },
            "path-is-absolute": {
              "version": "1.0.1",
              "bundled": true
            },
            "process-nextick-args": {
              "version": "2.0.0",
              "bundled": true
            },
            "rc": {
              "version": "1.2.8",
              "bundled": true,
              "dependencies": {
                "minimist": {
                  "version": "1.2.0",
                  "bundled": true
                }
              }
            },
            "readable-stream": {
              "version": "2.3.6",
              "bundled": true
            },
            "rimraf": {
              "version": "2.6.3",
              "bundled": true
            },
            "safe-buffer": {
              "version": "5.1.2",
              "bundled": true
            },
            "safer-buffer": {
              "version": "2.1.2",
              "bundled": true
            },
            "sax": {
              "version": "1.2.4",
              "bundled": true
            },
            "semver": {
              "version": "5.7.0",
              "bundled": true
            },
            "set-blocking": {
              "version": "2.0.0",
              "bundled": true
            },
            "signal-exit": {
              "version": "3.0.2",
              "bundled": true
            },
            "string-width": {
              "version": "1.0.2",
              "bundled": true
            },
            "string_decoder": {
              "version": "1.1.1",
              "bundled": true
            },
            "strip-ansi": {
              "version": "3.0.1",
              "bundled": true
            },
            "strip-json-comments": {
              "version": "2.0.1",
              "bundled": true
            },
            "tar": {
              "version": "4.4.8",
              "bundled": true
            },
            "util-deprecate": {
              "version": "1.0.2",
              "bundled": true
            },
            "wide-align": {
              "version": "1.1.3",
              "bundled": true
            },
            "wrappy": {
              "version": "1.0.2",
              "bundled": true
            },
            "yallist": {
              "version": "3.0.3",
              "bundled": true
            }
          }
        },
        "get-stream": {
          "version": "4.1.0",
          "resolved": "https://registry.npmjs.org/get-stream/-/get-stream-4.1.0.tgz",
          "integrity": "sha512-GMat4EJ5161kIy2HevLlr4luNjBgvmj413KaQA7jt4V8B4RDsfpHk7WQ9GVqfYyyx8OS/L66Kox+rJRNklLK7w=="
        },
        "import-local": {
          "version": "2.0.0",
          "resolved": "https://registry.npmjs.org/import-local/-/import-local-2.0.0.tgz",
          "integrity": "sha512-b6s04m3O+s3CGSbqDIyP4R6aAwAeYlVq9+WUWep6iHa8ETRf9yei1U48C5MmfJmV9AiLYYBKPMq/W+/WRpQmCQ=="
        },
        "invert-kv": {
          "version": "2.0.0",
          "resolved": "https://registry.npmjs.org/invert-kv/-/invert-kv-2.0.0.tgz",
          "integrity": "sha512-wPVv/y/QQ/Uiirj/vh3oP+1Ww+AWehmi1g5fFWGPF6IpCBCDVrhgHRMvrLfdYcwDh3QJbGXDW4JAuzxElLSqKA=="
        },
        "is-accessor-descriptor": {
          "version": "1.0.0",
          "resolved": "https://registry.npmjs.org/is-accessor-descriptor/-/is-accessor-descriptor-1.0.0.tgz",
          "integrity": "sha512-m5hnHTkcVsPfqx3AKlyttIPb7J+XykHvJP2B9bZDjlhLIoEq4XoK64Vg7boZlVWYK6LUY94dYPEE7Lh0ZkZKcQ=="
        },
        "is-ci": {
          "version": "2.0.0",
          "resolved": "https://registry.npmjs.org/is-ci/-/is-ci-2.0.0.tgz",
          "integrity": "sha512-YfJT7rkpQB0updsdHLGWrvhBJfcfzNNawYDNIyQXJz0IViGf75O8EBPKSdvw2rF+LGCsX4FZ8tcr3b19LcZq4w=="
        },
        "is-data-descriptor": {
          "version": "1.0.0",
          "resolved": "https://registry.npmjs.org/is-data-descriptor/-/is-data-descriptor-1.0.0.tgz",
          "integrity": "sha512-jbRXy1FmtAoCjQkVmIVYwuuqDFUbaOeDjmed1tOGPrsMhtJA4rD9tkgA0F1qJ3gRFRXcHYVkdeaP50Q5rE/jLQ=="
        },
        "is-descriptor": {
          "version": "1.0.2",
          "resolved": "https://registry.npmjs.org/is-descriptor/-/is-descriptor-1.0.2.tgz",
          "integrity": "sha512-2eis5WqQGV7peooDyLmNEPUrps9+SXX5c9pL3xEB+4e9HnGuDa7mB7kHxHw4CbqS9k1T2hOH3miL8n8WtiYVtg=="
        },
        "is-generator-fn": {
          "version": "2.1.0",
          "resolved": "https://registry.npmjs.org/is-generator-fn/-/is-generator-fn-2.1.0.tgz",
          "integrity": "sha512-cTIB4yPYL/Grw0EaSzASzg6bBy9gqCofvWN8okThAYIxKJZC+udlRAmGbM0XLeniEJSs8uEgHPGuHSe1XsOLSQ=="
        },
        "is-number": {
          "version": "3.0.0",
          "resolved": "https://registry.npmjs.org/is-number/-/is-number-3.0.0.tgz",
          "integrity": "sha1-JP1iAaR4LPUFYcgQJ2r8fRLXEZU=",
          "dependencies": {
            "kind-of": {
              "version": "3.2.2",
              "resolved": "https://registry.npmjs.org/kind-of/-/kind-of-3.2.2.tgz",
              "integrity": "sha1-MeohpzS6ubuw8yRm2JOupR5KPGQ="
            }
          }
        },
        "istanbul-lib-coverage": {
          "version": "2.0.5",
          "resolved": "https://registry.npmjs.org/istanbul-lib-coverage/-/istanbul-lib-coverage-2.0.5.tgz",
          "integrity": "sha512-8aXznuEPCJvGnMSRft4udDRDtb1V3pkQkMMI5LI+6HuQz5oQ4J2UFn1H82raA3qJtyOLkkwVqICBQkjnGtn5mA=="
        },
        "istanbul-lib-instrument": {
          "version": "3.3.0",
          "resolved": "https://registry.npmjs.org/istanbul-lib-instrument/-/istanbul-lib-instrument-3.3.0.tgz",
          "integrity": "sha512-5nnIN4vo5xQZHdXno/YDXJ0G+I3dAm4XgzfSVTPLQpj/zAV2dV6Juy0yaf10/zrJOJeHoN3fraFe+XRq2bFVZA=="
        },
        "jest-cli": {
          "version": "24.8.0",
          "resolved": "https://registry.npmjs.org/jest-cli/-/jest-cli-24.8.0.tgz",
          "integrity": "sha512-+p6J00jSMPQ116ZLlHJJvdf8wbjNbZdeSX9ptfHX06/MSNaXmKihQzx5vQcw0q2G6JsdVkUIdWbOWtSnaYs3yA=="
        },
        "jest-config": {
          "version": "24.8.0",
          "resolved": "https://registry.npmjs.org/jest-config/-/jest-config-24.8.0.tgz",
          "integrity": "sha512-Czl3Nn2uEzVGsOeaewGWoDPD8GStxCpAe0zOYs2x2l0fZAgPbCr3uwUkgNKV3LwE13VXythM946cd5rdGkkBZw=="
        },
        "jest-diff": {
          "version": "24.8.0",
          "resolved": "https://registry.npmjs.org/jest-diff/-/jest-diff-24.8.0.tgz",
          "integrity": "sha512-wxetCEl49zUpJ/bvUmIFjd/o52J+yWcoc5ZyPq4/W1LUKGEhRYDIbP1KcF6t+PvqNrGAFk4/JhtxDq/Nnzs66g=="
        },
        "jest-each": {
          "version": "24.8.0",
          "resolved": "https://registry.npmjs.org/jest-each/-/jest-each-24.8.0.tgz",
          "integrity": "sha512-NrwK9gaL5+XgrgoCsd9svsoWdVkK4gnvyhcpzd6m487tXHqIdYeykgq3MKI1u4I+5Zf0tofr70at9dWJDeb+BA=="
        },
        "jest-environment-jsdom": {
          "version": "24.8.0",
          "resolved": "https://registry.npmjs.org/jest-environment-jsdom/-/jest-environment-jsdom-24.8.0.tgz",
          "integrity": "sha512-qbvgLmR7PpwjoFjM/sbuqHJt/NCkviuq9vus9NBn/76hhSidO+Z6Bn9tU8friecegbJL8gzZQEMZBQlFWDCwAQ=="
        },
        "jest-environment-node": {
          "version": "24.8.0",
          "resolved": "https://registry.npmjs.org/jest-environment-node/-/jest-environment-node-24.8.0.tgz",
          "integrity": "sha512-vIGUEScd1cdDgR6sqn2M08sJTRLQp6Dk/eIkCeO4PFHxZMOgy+uYLPMC4ix3PEfM5Au/x3uQ/5Tl0DpXXZsJ/Q=="
        },
        "jest-get-type": {
          "version": "24.8.0",
          "resolved": "https://registry.npmjs.org/jest-get-type/-/jest-get-type-24.8.0.tgz",
          "integrity": "sha512-RR4fo8jEmMD9zSz2nLbs2j0zvPpk/KCEz3a62jJWbd2ayNo0cb+KFRxPHVhE4ZmgGJEQp0fosmNz84IfqM8cMQ=="
        },
        "jest-haste-map": {
          "version": "24.8.0",
          "resolved": "https://registry.npmjs.org/jest-haste-map/-/jest-haste-map-24.8.0.tgz",
          "integrity": "sha512-ZBPRGHdPt1rHajWelXdqygIDpJx8u3xOoLyUBWRW28r3tagrgoepPrzAozW7kW9HrQfhvmiv1tncsxqHJO1onQ==",
          "dependencies": {
            "graceful-fs": {
              "version": "4.1.15",
              "resolved": "https://registry.npmjs.org/graceful-fs/-/graceful-fs-4.1.15.tgz",
              "integrity": "sha512-6uHUhOPEBgQ24HM+r6b/QwWfZq+yiFcipKFrOFiBEnWdy5sdzYoi+pJeQaPI5qOLRFqWmAXUPQNsielzdLoecA=="
            }
          }
        },
        "jest-jasmine2": {
          "version": "24.8.0",
          "resolved": "https://registry.npmjs.org/jest-jasmine2/-/jest-jasmine2-24.8.0.tgz",
          "integrity": "sha512-cEky88npEE5LKd5jPpTdDCLvKkdyklnaRycBXL6GNmpxe41F0WN44+i7lpQKa/hcbXaQ+rc9RMaM4dsebrYong=="
        },
        "jest-matcher-utils": {
          "version": "24.8.0",
          "resolved": "https://registry.npmjs.org/jest-matcher-utils/-/jest-matcher-utils-24.8.0.tgz",
          "integrity": "sha512-lex1yASY51FvUuHgm0GOVj7DCYEouWSlIYmCW7APSqB9v8mXmKSn5+sWVF0MhuASG0bnYY106/49JU1FZNl5hw=="
        },
        "jest-message-util": {
          "version": "24.8.0",
          "resolved": "https://registry.npmjs.org/jest-message-util/-/jest-message-util-24.8.0.tgz",
          "integrity": "sha512-p2k71rf/b6ns8btdB0uVdljWo9h0ovpnEe05ZKWceQGfXYr4KkzgKo3PBi8wdnd9OtNh46VpNIJynUn/3MKm1g=="
        },
        "jest-mock": {
          "version": "24.8.0",
          "resolved": "https://registry.npmjs.org/jest-mock/-/jest-mock-24.8.0.tgz",
          "integrity": "sha512-6kWugwjGjJw+ZkK4mDa0Df3sDlUTsV47MSrT0nGQ0RBWJbpODDQ8MHDVtGtUYBne3IwZUhtB7elxHspU79WH3A=="
        },
        "jest-pnp-resolver": {
          "version": "1.2.1",
          "resolved": "https://registry.npmjs.org/jest-pnp-resolver/-/jest-pnp-resolver-1.2.1.tgz",
          "integrity": "sha512-pgFw2tm54fzgYvc/OHrnysABEObZCUNFnhjoRjaVOCN8NYc032/gVjPaHD4Aq6ApkSieWtfKAFQtmDKAmhupnQ=="
        },
        "jest-regex-util": {
          "version": "24.3.0",
          "resolved": "https://registry.npmjs.org/jest-regex-util/-/jest-regex-util-24.3.0.tgz",
          "integrity": "sha512-tXQR1NEOyGlfylyEjg1ImtScwMq8Oh3iJbGTjN7p0J23EuVX1MA8rwU69K4sLbCmwzgCUbVkm0FkSF9TdzOhtg=="
        },
        "jest-resolve": {
          "version": "24.8.0",
          "resolved": "https://registry.npmjs.org/jest-resolve/-/jest-resolve-24.8.0.tgz",
          "integrity": "sha512-+hjSzi1PoRvnuOICoYd5V/KpIQmkAsfjFO71458hQ2Whi/yf1GDeBOFj8Gxw4LrApHsVJvn5fmjcPdmoUHaVKw=="
        },
        "jest-runtime": {
          "version": "24.8.0",
          "resolved": "https://registry.npmjs.org/jest-runtime/-/jest-runtime-24.8.0.tgz",
          "integrity": "sha512-Mq0aIXhvO/3bX44ccT+czU1/57IgOMyy80oM0XR/nyD5zgBcesF84BPabZi39pJVA6UXw+fY2Q1N+4BiVUBWOA==",
          "dependencies": {
            "graceful-fs": {
              "version": "4.1.15",
              "resolved": "https://registry.npmjs.org/graceful-fs/-/graceful-fs-4.1.15.tgz",
              "integrity": "sha512-6uHUhOPEBgQ24HM+r6b/QwWfZq+yiFcipKFrOFiBEnWdy5sdzYoi+pJeQaPI5qOLRFqWmAXUPQNsielzdLoecA=="
            }
          }
        },
        "jest-serializer": {
          "version": "24.4.0",
          "resolved": "https://registry.npmjs.org/jest-serializer/-/jest-serializer-24.4.0.tgz",
          "integrity": "sha512-k//0DtglVstc1fv+GY/VHDIjrtNjdYvYjMlbLUed4kxrE92sIUewOi5Hj3vrpB8CXfkJntRPDRjCrCvUhBdL8Q=="
        },
        "jest-snapshot": {
          "version": "24.8.0",
          "resolved": "https://registry.npmjs.org/jest-snapshot/-/jest-snapshot-24.8.0.tgz",
          "integrity": "sha512-5ehtWoc8oU9/cAPe6fez6QofVJLBKyqkY2+TlKTOf0VllBB/mqUNdARdcjlZrs9F1Cv+/HKoCS/BknT0+tmfPg==",
          "dependencies": {
            "semver": {
              "version": "5.7.0",
              "resolved": "https://registry.npmjs.org/semver/-/semver-5.7.0.tgz",
              "integrity": "sha512-Ya52jSX2u7QKghxeoFGpLwCtGlt7j0oY9DYb5apt9nPlJ42ID+ulTXESnt/qAQcoSERyZ5sl3LDIOw0nAn/5DA=="
            }
          }
        },
        "jest-util": {
          "version": "24.8.0",
          "resolved": "https://registry.npmjs.org/jest-util/-/jest-util-24.8.0.tgz",
          "integrity": "sha512-DYZeE+XyAnbNt0BG1OQqKy/4GVLPtzwGx5tsnDrFcax36rVE3lTA5fbvgmbVPUZf9w77AJ8otqR4VBbfFJkUZA==",
          "dependencies": {
            "graceful-fs": {
              "version": "4.1.15",
              "resolved": "https://registry.npmjs.org/graceful-fs/-/graceful-fs-4.1.15.tgz",
              "integrity": "sha512-6uHUhOPEBgQ24HM+r6b/QwWfZq+yiFcipKFrOFiBEnWdy5sdzYoi+pJeQaPI5qOLRFqWmAXUPQNsielzdLoecA=="
            },
            "source-map": {
              "version": "0.6.1",
              "resolved": "https://registry.npmjs.org/source-map/-/source-map-0.6.1.tgz",
              "integrity": "sha512-UjgapumWlbMhkBgzT7Ykc5YXUT46F0iKu8SGXq0bcwP5dz/h0Plj6enJqjz1Zbq2l5WaqYnrVbwWOWMyF3F47g=="
            }
          }
        },
        "jest-validate": {
          "version": "24.8.0",
          "resolved": "https://registry.npmjs.org/jest-validate/-/jest-validate-24.8.0.tgz",
          "integrity": "sha512-+/N7VOEMW1Vzsrk3UWBDYTExTPwf68tavEPKDnJzrC6UlHtUDU/fuEdXqFoHzv9XnQ+zW6X3qMZhJ3YexfeLDA=="
        },
        "jest-worker": {
          "version": "24.6.0",
          "resolved": "https://registry.npmjs.org/jest-worker/-/jest-worker-24.6.0.tgz",
          "integrity": "sha512-jDwgW5W9qGNvpI1tNnvajh0a5IE/PuGLFmHk6aR/BZFz8tSgGw17GsDPXAJ6p91IvYDjOw8GpFbvvZGAK+DPQQ==",
          "dependencies": {
            "supports-color": {
              "version": "6.1.0",
              "resolved": "https://registry.npmjs.org/supports-color/-/supports-color-6.1.0.tgz",
              "integrity": "sha512-qe1jfm1Mg7Nq/NSh6XE24gPXROEVsWHxC1LIx//XNlD9iw7YZQGjZNjYN7xGaEG6iKdA8EtNFW6R0gjnVXp+wQ=="
            }
          }
        },
        "jsdom": {
          "version": "11.12.0",
          "resolved": "https://registry.npmjs.org/jsdom/-/jsdom-11.12.0.tgz",
          "integrity": "sha512-y8Px43oyiBM13Zc1z780FrfNLJCXTL40EWlty/LXUtcjykRBNgLlCjWXpfSPBl2iv+N7koQN+dvqszHZgT/Fjw=="
        },
        "kind-of": {
          "version": "6.0.2",
          "resolved": "https://registry.npmjs.org/kind-of/-/kind-of-6.0.2.tgz",
          "integrity": "sha512-s5kLOcnH0XqDO+FvuaLX8DDjZ18CGFk7VygH40QoKPUQhW4e2rvM0rwUq0t8IQDOwYSeLK01U90OjzBTme2QqA=="
        },
        "kleur": {
          "version": "3.0.3",
          "resolved": "https://registry.npmjs.org/kleur/-/kleur-3.0.3.tgz",
          "integrity": "sha512-eTIzlVOSUR+JxdDFepEYcBMtZ9Qqdef+rnzWdRZuMbOywu5tO2w2N7rqjoANZ5k9vywhL6Br1VRjUIgTQx4E8w=="
        },
        "lcid": {
          "version": "2.0.0",
          "resolved": "https://registry.npmjs.org/lcid/-/lcid-2.0.0.tgz",
          "integrity": "sha512-avPEb8P8EGnwXKClwsNUgryVjllcRqtMYa49NTsbQagYuT1DcXnl1915oxWjoyGrXR6zH/Y0Zc96xWsPcoDKeA=="
        },
        "load-json-file": {
          "version": "4.0.0",
          "resolved": "https://registry.npmjs.org/load-json-file/-/load-json-file-4.0.0.tgz",
          "integrity": "sha1-L19Fq5HjMhYjT9U62rZo607AmTs="
        },
        "locate-path": {
          "version": "3.0.0",
          "resolved": "https://registry.npmjs.org/locate-path/-/locate-path-3.0.0.tgz",
          "integrity": "sha512-7AO748wWnIhNqAuaty2ZWHkQHRSNfPVIsPIfwEOWO22AmaoVrWavlOcMR5nzTLNYvp36X220/maaRsrec1G65A=="
        },
        "mem": {
          "version": "4.3.0",
          "resolved": "https://registry.npmjs.org/mem/-/mem-4.3.0.tgz",
          "integrity": "sha512-qX2bG48pTqYRVmDB37rn/6PT7LcR8T7oAX3bf99u1Tt1nzxYfxkgqDwUwolPlXweM0XzBOBFzSx4kfp7KP1s/w=="
        },
        "micromatch": {
          "version": "3.1.10",
          "resolved": "https://registry.npmjs.org/micromatch/-/micromatch-3.1.10.tgz",
          "integrity": "sha512-MWikgl9n9M3w+bpsY3He8L+w9eF9338xRl8IAO5viDizwSzziFEyUzo2xrrloB64ADbTf8uA8vRqqttDTOmccg=="
        },
        "mimic-fn": {
          "version": "2.1.0",
          "resolved": "https://registry.npmjs.org/mimic-fn/-/mimic-fn-2.1.0.tgz",
          "integrity": "sha512-OqbOk5oEQeAZ8WXWydlu9HJjz9WVdEIvamMCcXmuqUYjTknH/sqsWvhQ3vgwKFRR1HpjvNBKQ37nbJgYzGqGcg=="
        },
        "minimist": {
          "version": "1.2.0",
          "resolved": "https://registry.npmjs.org/minimist/-/minimist-1.2.0.tgz",
          "integrity": "sha1-o1AIsg9BOD7sH7kU9M1d95omQoQ="
        },
        "nan": {
          "version": "2.14.0",
          "resolved": "https://registry.npmjs.org/nan/-/nan-2.14.0.tgz",
          "integrity": "sha512-INOFj37C7k3AfaNTtX8RhsTw7qRy7eLET14cROi9+5HAVbbHuIWUHEauBv5qT4Av2tWasiTY1Jw6puUNqRJXQg=="
        },
        "os-locale": {
          "version": "3.1.0",
          "resolved": "https://registry.npmjs.org/os-locale/-/os-locale-3.1.0.tgz",
          "integrity": "sha512-Z8l3R4wYWM40/52Z+S265okfFj8Kt2cC2MKY+xNi3kFs+XGI7WXu/I309QQQYbRW4ijiZ+yxs9pqEhJh0DqW3Q=="
        },
        "p-is-promise": {
          "version": "2.1.0",
          "resolved": "https://registry.npmjs.org/p-is-promise/-/p-is-promise-2.1.0.tgz",
          "integrity": "sha512-Y3W0wlRPK8ZMRbNq97l4M5otioeA5lm1z7bkNkxCka8HSPjR0xRWmpCmc9utiaLP9Jb1eD8BgeIxTW4AIF45Pg=="
        },
        "p-limit": {
          "version": "2.2.0",
          "resolved": "https://registry.npmjs.org/p-limit/-/p-limit-2.2.0.tgz",
          "integrity": "sha512-pZbTJpoUsCzV48Mc9Nh51VbwO0X9cuPFE8gYwx9BTCt9SF8/b7Zljd2fVgOxhIF/HDTKgpVzs+GPhyKfjLLFRQ=="
        },
        "p-locate": {
          "version": "3.0.0",
          "resolved": "https://registry.npmjs.org/p-locate/-/p-locate-3.0.0.tgz",
          "integrity": "sha512-x+12w/To+4GFfgJhBEpiDcLozRJGegY+Ei7/z0tSLkMmxGZNybVMSfWj9aJn8Z5Fc7dBUNJOOVgPv2H7IwulSQ=="
        },
        "p-try": {
          "version": "2.2.0",
          "resolved": "https://registry.npmjs.org/p-try/-/p-try-2.2.0.tgz",
          "integrity": "sha512-R4nPAVTAU0B9D35/Gk3uJf/7XYbQcyohSKdvAxIRSNghFl4e71hVoGnBNQz9cWaXxO2I10KTC+3jMdvvoKw6dQ=="
        },
        "parse5": {
          "version": "4.0.0",
          "resolved": "https://registry.npmjs.org/parse5/-/parse5-4.0.0.tgz",
          "integrity": "sha512-VrZ7eOd3T1Fk4XWNXMgiGBK/z0MG48BWG2uQNU4I72fkQuKUTZpl+u9k+CxEG0twMVzSmXEEz12z5Fnw1jIQFA=="
        },
        "path-type": {
          "version": "3.0.0",
          "resolved": "https://registry.npmjs.org/path-type/-/path-type-3.0.0.tgz",
          "integrity": "sha512-T2ZUsdZFHgA3u4e5PfPbjd7HDDpxPnQb5jN0SrDsjNSuVXHJqtwTnWqG0B1jZrgmJ/7lj1EmVIByWt1gxGkWvg=="
        },
        "pify": {
          "version": "3.0.0",
          "resolved": "https://registry.npmjs.org/pify/-/pify-3.0.0.tgz",
          "integrity": "sha1-5aSs0sEB/fPZpNB/DbxNtJ3SgXY="
        },
        "pkg-dir": {
          "version": "3.0.0",
          "resolved": "https://registry.npmjs.org/pkg-dir/-/pkg-dir-3.0.0.tgz",
          "integrity": "sha512-/E57AYkoeQ25qkxMj5PBOVgF8Kiu/h7cYS30Z5+R7WaiCCBfLq58ZI/dSeaEKb9WVJV5n/03QwrN3IeWIFllvw=="
        },
        "pretty-format": {
          "version": "24.8.0",
          "resolved": "https://registry.npmjs.org/pretty-format/-/pretty-format-24.8.0.tgz",
          "integrity": "sha512-P952T7dkrDEplsR+TuY7q3VXDae5Sr7zmQb12JU/NDQa/3CH7/QW0yvqLcGN6jL+zQFKaoJcPc+yJxMTGmosqw=="
        },
        "prompts": {
          "version": "2.1.0",
          "resolved": "https://registry.npmjs.org/prompts/-/prompts-2.1.0.tgz",
          "integrity": "sha512-+x5TozgqYdOwWsQFZizE/Tra3fKvAoy037kOyU6cgz84n8f6zxngLOV4O32kTwt9FcLCxAqw0P/c8rOr9y+Gfg=="
        },
        "read-pkg": {
          "version": "3.0.0",
          "resolved": "https://registry.npmjs.org/read-pkg/-/read-pkg-3.0.0.tgz",
          "integrity": "sha1-nLxoaXj+5l0WwA4rGcI3/Pbjg4k="
        },
        "read-pkg-up": {
          "version": "4.0.0",
          "resolved": "https://registry.npmjs.org/read-pkg-up/-/read-pkg-up-4.0.0.tgz",
          "integrity": "sha512-6etQSH7nJGsK0RbG/2TeDzZFa8shjQ1um+SwQQ5cwKy0dhSXdOncEhb1CPpvQG4h7FyOV6EB6YlV0yJvZQNAkA=="
        },
        "realpath-native": {
          "version": "1.1.0",
          "resolved": "https://registry.npmjs.org/realpath-native/-/realpath-native-1.1.0.tgz",
          "integrity": "sha512-wlgPA6cCIIg9gKz0fgAPjnzh4yR/LnXovwuo9hvyGvx3h8nX4+/iLZplfUWasXpqD8BdnGnP5njOFjkUwPzvjA=="
        },
        "require-main-filename": {
          "version": "2.0.0",
          "resolved": "https://registry.npmjs.org/require-main-filename/-/require-main-filename-2.0.0.tgz",
          "integrity": "sha512-NKN5kMDylKuldxYLSUfrbo5Tuzh4hd+2E8NPPX02mZtn1VuREQToYe/ZdlJy+J3uCpfaiGF05e7B8W0iXbQHmg=="
        },
        "rsvp": {
          "version": "4.8.4",
          "resolved": "https://registry.npmjs.org/rsvp/-/rsvp-4.8.4.tgz",
          "integrity": "sha512-6FomvYPfs+Jy9TfXmBpBuMWNH94SgCsZmJKcanySzgNNP6LjWxBvyLTa9KaMfDDM5oxRfrKDB0r/qeRsLwnBfA=="
        },
        "sane": {
          "version": "4.1.0",
          "resolved": "https://registry.npmjs.org/sane/-/sane-4.1.0.tgz",
          "integrity": "sha512-hhbzAgTIX8O7SHfp2c8/kREfEn4qO/9q8C9beyY6+tvZ87EpoZ3i1RIEvp27YBswnNbY9mWd6paKVmKbAgLfZA=="
        },
        "semver": {
          "version": "6.1.1",
          "resolved": "https://registry.npmjs.org/semver/-/semver-6.1.1.tgz",
          "integrity": "sha512-rWYq2e5iYW+fFe/oPPtYJxYgjBm8sC4rmoGdUOgBB7VnwKt6HrL793l2voH1UlsyYZpJ4g0wfjnTEO1s1NP2eQ=="
        },
        "sisteransi": {
          "version": "1.0.0",
          "resolved": "https://registry.npmjs.org/sisteransi/-/sisteransi-1.0.0.tgz",
          "integrity": "sha512-N+z4pHB4AmUv0SjveWRd6q1Nj5w62m5jodv+GD8lvmbY/83T/rpbJGZOnK5T149OldDj4Db07BSv9xY4K6NTPQ=="
        },
        "slash": {
          "version": "2.0.0",
          "resolved": "https://registry.npmjs.org/slash/-/slash-2.0.0.tgz",
          "integrity": "sha512-ZYKh3Wh2z1PpEXWr0MpSBZ0V6mZHAQfYevttO11c51CaWjGTaadiKZ+wVt1PbMlDV5qhMFslpZCemhwOK7C89A=="
        },
        "strip-bom": {
          "version": "3.0.0",
          "resolved": "https://registry.npmjs.org/strip-bom/-/strip-bom-3.0.0.tgz",
          "integrity": "sha1-IzTBjpx1n3vdVv3vfprj1YjmjtM="
        },
        "test-exclude": {
          "version": "5.2.3",
          "resolved": "https://registry.npmjs.org/test-exclude/-/test-exclude-5.2.3.tgz",
          "integrity": "sha512-M+oxtseCFO3EDtAaGH7iiej3CBkzXqFMbzqYAACdzKui4eZA+pq3tZEwChvOdNfa7xxy8BfbmgJSIr43cC/+2g=="
        },
        "whatwg-url": {
          "version": "6.5.0",
          "resolved": "https://registry.npmjs.org/whatwg-url/-/whatwg-url-6.5.0.tgz",
          "integrity": "sha512-rhRZRqx/TLJQWUpQ6bmrt2UV4f0HCQ463yQuONJqC6fO2VoEb1pTYddbe59SkYq87aoM5A3bdhMZiUiVws+fzQ=="
        },
        "ws": {
          "version": "5.2.2",
          "resolved": "https://registry.npmjs.org/ws/-/ws-5.2.2.tgz",
          "integrity": "sha512-jaHFD6PFv6UgoIVda6qZllptQsMlDEJkTQcybzzXDYM1XO9Y8em691FGMPmM46WGyLU4z9KMgQN+qrux/nhlHA=="
        },
        "yargs": {
          "version": "12.0.5",
          "resolved": "https://registry.npmjs.org/yargs/-/yargs-12.0.5.tgz",
          "integrity": "sha512-Lhz8TLaYnxq/2ObqHDql8dX8CJi97oHxrjUcYtzKbbykPtVW9WB+poxI+NM2UIzsMgNCZTIf0AQwsjK5yMAqZw==",
          "dependencies": {
            "require-main-filename": {
              "version": "1.0.1",
              "resolved": "https://registry.npmjs.org/require-main-filename/-/require-main-filename-1.0.1.tgz",
              "integrity": "sha1-l/cXtp1IeE9fUmpsWqj/3aBVpNE="
            }
          }
        },
        "yargs-parser": {
          "version": "11.1.1",
          "resolved": "https://registry.npmjs.org/yargs-parser/-/yargs-parser-11.1.1.tgz",
          "integrity": "sha512-C6kB/WJDiaxONLJQnF8ccx9SEeoTTLek8RVbaOIsrAUS8VrBEXfmeSnCZxygc+XC2sNMBIwOOnfcxiynjHsVSQ=="
        }
      }
    },
    "react": {
      "version": "16.6.0",
      "resolved": "https://registry.npmjs.org/react/-/react-16.6.0.tgz",
      "integrity": "sha512-zJPnx/jKtuOEXCbQ9BKaxDMxR0001/hzxXwYxG8septeyYGfsgAei6NgfbVgOhbY1WOP2o3VPs/E9HaN+9hV3Q=="
    },
    "react-chartjs": {
      "version": "1.2.0",
      "resolved": "https://registry.npmjs.org/react-chartjs/-/react-chartjs-1.2.0.tgz",
      "integrity": "sha512-Zhc47Jv8DwJwT3R5iyskRWoz5TEP3qloMlC758Oa+4THSxd/Qat4CIE23epY7XHzEuL5m6/hJIjD2iqLcO9rfw=="
    },
    "react-chartjs-2": {
      "version": "2.7.6",
      "resolved": "https://registry.npmjs.org/react-chartjs-2/-/react-chartjs-2-2.7.6.tgz",
      "integrity": "sha512-xDr0jhgt/o26atftXxTVsepz+QYZI2GNKBYpxtLvYgwffLUm18a9n562reUJAHvuwKsy2v+qMlK5HyjFtSW0mg=="
    },
    "react-dom": {
      "version": "16.6.0",
      "resolved": "https://registry.npmjs.org/react-dom/-/react-dom-16.6.0.tgz",
      "integrity": "sha512-Stm2D9dXEUUAQdvpvhvFj/DEXwC2PAL/RwEMhoN4dvvD2ikTlJegEXf97xryg88VIAU22ZAP7n842l+9BTz6+w=="
    },
    "react-router-dom": {
      "version": "4.3.1",
      "resolved": "https://registry.npmjs.org/react-router-dom/-/react-router-dom-4.3.1.tgz",
      "integrity": "sha512-c/MlywfxDdCp7EnB7YfPMOfMD3tOtIjrQlj/CKfNMBxdmpJP8xcz5P/UAFn3JbnQCNUxsHyVVqllF9LhgVyFCA=="
    },
    "react-scripts": {
      "version": "2.0.5",
      "resolved": "https://registry.npmjs.org/react-scripts/-/react-scripts-2.0.5.tgz",
      "integrity": "sha512-ApwQM91U5FK9CPktUJQu+UhGIdgcBqqw0pvCUPYshW1jBhIgl8N3SJtd+o+I+jwRXPWAXcbJNvzsBAFDW5HHAQ=="
    }
  }
}
